// !$*UTF8*$!
{
	archiveVersion = 1;
	classes = {
	};
	objectVersion = 56;
	objects = {

/* Begin PBXBuildFile section */
		CE99975A2A7CEE4B00D0B60A /* FirebaseAnalytics in Frameworks */ = {isa = PBXBuildFile; productRef = CE9997592A7CEE4B00D0B60A /* FirebaseAnalytics */; };
		CE99975C2A7CEE4B00D0B60A /* FirebaseMessaging in Frameworks */ = {isa = PBXBuildFile; productRef = CE99975B2A7CEE4B00D0B60A /* FirebaseMessaging */; };
		CE99975E2A7CFA5C00D0B60A /* GoogleService-Info.plist in Resources */ = {isa = PBXBuildFile; fileRef = CE99975D2A7CFA5C00D0B60A /* GoogleService-Info.plist */; };
		CEEB8D052A7C9B290039D60B /* AppDelegate.swift in Sources */ = {isa = PBXBuildFile; fileRef = CEEB8D042A7C9B290039D60B /* AppDelegate.swift */; };
		CEEB8D072A7C9B290039D60B /* SceneDelegate.swift in Sources */ = {isa = PBXBuildFile; fileRef = CEEB8D062A7C9B290039D60B /* SceneDelegate.swift */; };
		CEEB8D092A7C9B290039D60B /* ViewController.swift in Sources */ = {isa = PBXBuildFile; fileRef = CEEB8D082A7C9B290039D60B /* ViewController.swift */; };
		CEEB8D0C2A7C9B290039D60B /* Main.storyboard in Resources */ = {isa = PBXBuildFile; fileRef = CEEB8D0A2A7C9B290039D60B /* Main.storyboard */; };
		CEEB8D0E2A7C9B2A0039D60B /* Assets.xcassets in Resources */ = {isa = PBXBuildFile; fileRef = CEEB8D0D2A7C9B2A0039D60B /* Assets.xcassets */; };
		CEEB8D112A7C9B2A0039D60B /* LaunchScreen.storyboard in Resources */ = {isa = PBXBuildFile; fileRef = CEEB8D0F2A7C9B2A0039D60B /* LaunchScreen.storyboard */; };
		CEEB8D192A7CA0ED0039D60B /* UIPresentationController.swift in Sources */ = {isa = PBXBuildFile; fileRef = CEEB8D182A7CA0ED0039D60B /* UIPresentationController.swift */; };
		CEEB8D1B2A7CAA9C0039D60B /* OverlayView.xib in Resources */ = {isa = PBXBuildFile; fileRef = CEEB8D1A2A7CAA9C0039D60B /* OverlayView.xib */; };
		CEEB8D1D2A7CB1220039D60B /* OverlayView.swift in Sources */ = {isa = PBXBuildFile; fileRef = CEEB8D1C2A7CB1220039D60B /* OverlayView.swift */; };
/* End PBXBuildFile section */

/* Begin PBXFileReference section */
		CE99975D2A7CFA5C00D0B60A /* GoogleService-Info.plist */ = {isa = PBXFileReference; fileEncoding = 4; lastKnownFileType = text.plist.xml; name = "GoogleService-Info.plist"; path = "../../../../Downloads/MyFolder/GoogleService-Info.plist"; sourceTree = "<group>"; };
		CEEB8D012A7C9B290039D60B /* Interactive Card.app */ = {isa = PBXFileReference; explicitFileType = wrapper.application; includeInIndex = 0; path = "Interactive Card.app"; sourceTree = BUILT_PRODUCTS_DIR; };
		CEEB8D042A7C9B290039D60B /* AppDelegate.swift */ = {isa = PBXFileReference; lastKnownFileType = sourcecode.swift; path = AppDelegate.swift; sourceTree = "<group>"; };
		CEEB8D062A7C9B290039D60B /* SceneDelegate.swift */ = {isa = PBXFileReference; lastKnownFileType = sourcecode.swift; path = SceneDelegate.swift; sourceTree = "<group>"; };
		CEEB8D082A7C9B290039D60B /* ViewController.swift */ = {isa = PBXFileReference; lastKnownFileType = sourcecode.swift; path = ViewController.swift; sourceTree = "<group>"; };
		CEEB8D0B2A7C9B290039D60B /* Base */ = {isa = PBXFileReference; lastKnownFileType = file.storyboard; name = Base; path = Base.lproj/Main.storyboard; sourceTree = "<group>"; };
		CEEB8D0D2A7C9B2A0039D60B /* Assets.xcassets */ = {isa = PBXFileReference; lastKnownFileType = folder.assetcatalog; path = Assets.xcassets; sourceTree = "<group>"; };
		CEEB8D102A7C9B2A0039D60B /* Base */ = {isa = PBXFileReference; lastKnownFileType = file.storyboard; name = Base; path = Base.lproj/LaunchScreen.storyboard; sourceTree = "<group>"; };
		CEEB8D122A7C9B2A0039D60B /* Info.plist */ = {isa = PBXFileReference; lastKnownFileType = text.plist.xml; path = Info.plist; sourceTree = "<group>"; };
		CEEB8D182A7CA0ED0039D60B /* UIPresentationController.swift */ = {isa = PBXFileReference; lastKnownFileType = sourcecode.swift; path = UIPresentationController.swift; sourceTree = "<group>"; };
		CEEB8D1A2A7CAA9C0039D60B /* OverlayView.xib */ = {isa = PBXFileReference; lastKnownFileType = file.xib; path = OverlayView.xib; sourceTree = "<group>"; };
		CEEB8D1C2A7CB1220039D60B /* OverlayView.swift */ = {isa = PBXFileReference; lastKnownFileType = sourcecode.swift; path = OverlayView.swift; sourceTree = "<group>"; };
/* End PBXFileReference section */

/* Begin PBXFrameworksBuildPhase section */
		CEEB8CFE2A7C9B290039D60B /* Frameworks */ = {
			isa = PBXFrameworksBuildPhase;
			buildActionMask = 2147483647;
			files = (
				CE99975C2A7CEE4B00D0B60A /* FirebaseMessaging in Frameworks */,
				CE99975A2A7CEE4B00D0B60A /* FirebaseAnalytics in Frameworks */,
			);
			runOnlyForDeploymentPostprocessing = 0;
		};
/* End PBXFrameworksBuildPhase section */

/* Begin PBXGroup section */
		CEEB8CF82A7C9B290039D60B = {
			isa = PBXGroup;
			children = (
				CEEB8D032A7C9B290039D60B /* Interactive Card */,
				CEEB8D022A7C9B290039D60B /* Products */,
			);
			sourceTree = "<group>";
		};
		CEEB8D022A7C9B290039D60B /* Products */ = {
			isa = PBXGroup;
			children = (
				CEEB8D012A7C9B290039D60B /* Interactive Card.app */,
			);
			name = Products;
			sourceTree = "<group>";
		};
		CEEB8D032A7C9B290039D60B /* Interactive Card */ = {
			isa = PBXGroup;
			children = (
				CEEB8D042A7C9B290039D60B /* AppDelegate.swift */,
				CEEB8D062A7C9B290039D60B /* SceneDelegate.swift */,
				CEEB8D082A7C9B290039D60B /* ViewController.swift */,
				CEEB8D182A7CA0ED0039D60B /* UIPresentationController.swift */,
				CEEB8D1C2A7CB1220039D60B /* OverlayView.swift */,
				CEEB8D0A2A7C9B290039D60B /* Main.storyboard */,
				CEEB8D1A2A7CAA9C0039D60B /* OverlayView.xib */,
				CEEB8D0F2A7C9B2A0039D60B /* LaunchScreen.storyboard */,
				CEEB8D0D2A7C9B2A0039D60B /* Assets.xcassets */,
				CEEB8D122A7C9B2A0039D60B /* Info.plist */,
				CE99975D2A7CFA5C00D0B60A /* GoogleService-Info.plist */,
			);
			path = "Interactive Card";
			sourceTree = "<group>";
		};
/* End PBXGroup section */

/* Begin PBXNativeTarget section */
		CEEB8D002A7C9B290039D60B /* Interactive Card */ = {
			isa = PBXNativeTarget;
			buildConfigurationList = CEEB8D152A7C9B2A0039D60B /* Build configuration list for PBXNativeTarget "Interactive Card" */;
			buildPhases = (
				CEEB8CFD2A7C9B290039D60B /* Sources */,
				CEEB8CFE2A7C9B290039D60B /* Frameworks */,
				CEEB8CFF2A7C9B290039D60B /* Resources */,
			);
			buildRules = (
			);
			dependencies = (
			);
			name = "Interactive Card";
			packageProductDependencies = (
				CE9997592A7CEE4B00D0B60A /* FirebaseAnalytics */,
				CE99975B2A7CEE4B00D0B60A /* FirebaseMessaging */,
			);
			productName = "Interactive Card";
			productReference = CEEB8D012A7C9B290039D60B /* Interactive Card.app */;
			productType = "com.apple.product-type.application";
		};
/* End PBXNativeTarget section */

/* Begin PBXProject section */
		CEEB8CF92A7C9B290039D60B /* Project object */ = {
			isa = PBXProject;
			attributes = {
				BuildIndependentTargetsInParallel = 1;
				LastSwiftUpdateCheck = 1430;
				LastUpgradeCheck = 1430;
				TargetAttributes = {
					CEEB8D002A7C9B290039D60B = {
						CreatedOnToolsVersion = 14.3.1;
					};
				};
			};
			buildConfigurationList = CEEB8CFC2A7C9B290039D60B /* Build configuration list for PBXProject "Interactive Card" */;
			compatibilityVersion = "Xcode 14.0";
			developmentRegion = en;
			hasScannedForEncodings = 0;
			knownRegions = (
				en,
				Base,
			);
			mainGroup = CEEB8CF82A7C9B290039D60B;
			packageReferences = (
				CE9997582A7CEE4B00D0B60A /* XCRemoteSwiftPackageReference "firebase-ios-sdk" */,
			);
			productRefGroup = CEEB8D022A7C9B290039D60B /* Products */;
			projectDirPath = "";
			projectRoot = "";
			targets = (
				CEEB8D002A7C9B290039D60B /* Interactive Card */,
			);
		};
/* End PBXProject section */

/* Begin PBXResourcesBuildPhase section */
		CEEB8CFF2A7C9B290039D60B /* Resources */ = {
			isa = PBXResourcesBuildPhase;
			buildActionMask = 2147483647;
			files = (
				CEEB8D112A7C9B2A0039D60B /* LaunchScreen.storyboard in Resources */,
				CEEB8D1B2A7CAA9C0039D60B /* OverlayView.xib in Resources */,
				CE99975E2A7CFA5C00D0B60A /* GoogleService-Info.plist in Resources */,
				CEEB8D0E2A7C9B2A0039D60B /* Assets.xcassets in Resources */,
				CEEB8D0C2A7C9B290039D60B /* Main.storyboard in Resources */,
			);
			runOnlyForDeploymentPostprocessing = 0;
		};
/* End PBXResourcesBuildPhase section */

/* Begin PBXSourcesBuildPhase section */
		CEEB8CFD2A7C9B290039D60B /* Sources */ = {
			isa = PBXSourcesBuildPhase;
			buildActionMask = 2147483647;
			files = (
				CEEB8D092A7C9B290039D60B /* ViewController.swift in Sources */,
				CEEB8D052A7C9B290039D60B /* AppDelegate.swift in Sources */,
				CEEB8D072A7C9B290039D60B /* SceneDelegate.swift in Sources */,
				CEEB8D192A7CA0ED0039D60B /* UIPresentationController.swift in Sources */,
				CEEB8D1D2A7CB1220039D60B /* OverlayView.swift in Sources */,
			);
			runOnlyForDeploymentPostprocessing = 0;
		};
/* End PBXSourcesBuildPhase section */

/* Begin PBXVariantGroup section */
		CEEB8D0A2A7C9B290039D60B /* Main.storyboard */ = {
			isa = PBXVariantGroup;
			children = (
				CEEB8D0B2A7C9B290039D60B /* Base */,
			);
			name = Main.storyboard;
			sourceTree = "<group>";
		};
		CEEB8D0F2A7C9B2A0039D60B /* LaunchScreen.storyboard */ = {
			isa = PBXVariantGroup;
			children = (
				CEEB8D102A7C9B2A0039D60B /* Base */,
			);
			name = LaunchScreen.storyboard;
			sourceTree = "<group>";
		};
/* End PBXVariantGroup section */

/* Begin XCBuildConfiguration section */
		CEEB8D132A7C9B2A0039D60B /* Debug */ = {
			isa = XCBuildConfiguration;
			buildSettings = {
				ALWAYS_SEARCH_USER_PATHS = NO;
				CLANG_ANALYZER_NONNULL = YES;
				CLANG_ANALYZER_NUMBER_OBJECT_CONVERSION = YES_AGGRESSIVE;
				CLANG_CXX_LANGUAGE_STANDARD = "gnu++20";
				CLANG_ENABLE_MODULES = YES;
				CLANG_ENABLE_OBJC_ARC = YES;
				CLANG_ENABLE_OBJC_WEAK = YES;
				CLANG_WARN_BLOCK_CAPTURE_AUTORELEASING = YES;
				CLANG_WARN_BOOL_CONVERSION = YES;
				CLANG_WARN_COMMA = YES;
				CLANG_WARN_CONSTANT_CONVERSION = YES;
				CLANG_WARN_DEPRECATED_OBJC_IMPLEMENTATIONS = YES;
				CLANG_WARN_DIRECT_OBJC_ISA_USAGE = YES_ERROR;
				CLANG_WARN_DOCUMENTATION_COMMENTS = YES;
				CLANG_WARN_EMPTY_BODY = YES;
				CLANG_WARN_ENUM_CONVERSION = YES;
				CLANG_WARN_INFINITE_RECURSION = YES;
				CLANG_WARN_INT_CONVERSION = YES;
				CLANG_WARN_NON_LITERAL_NULL_CONVERSION = YES;
				CLANG_WARN_OBJC_IMPLICIT_RETAIN_SELF = YES;
				CLANG_WARN_OBJC_LITERAL_CONVERSION = YES;
				CLANG_WARN_OBJC_ROOT_CLASS = YES_ERROR;
				CLANG_WARN_QUOTED_INCLUDE_IN_FRAMEWORK_HEADER = YES;
				CLANG_WARN_RANGE_LOOP_ANALYSIS = YES;
				CLANG_WARN_STRICT_PROTOTYPES = YES;
				CLANG_WARN_SUSPICIOUS_MOVE = YES;
				CLANG_WARN_UNGUARDED_AVAILABILITY = YES_AGGRESSIVE;
				CLANG_WARN_UNREACHABLE_CODE = YES;
				CLANG_WARN__DUPLICATE_METHOD_MATCH = YES;
				COPY_PHASE_STRIP = NO;
				DEBUG_INFORMATION_FORMAT = dwarf;
				ENABLE_STRICT_OBJC_MSGSEND = YES;
				ENABLE_TESTABILITY = YES;
				GCC_C_LANGUAGE_STANDARD = gnu11;
				GCC_DYNAMIC_NO_PIC = NO;
				GCC_NO_COMMON_BLOCKS = YES;
				GCC_OPTIMIZATION_LEVEL = 0;
				GCC_PREPROCESSOR_DEFINITIONS = (
					"DEBUG=1",
					"$(inherited)",
				);
				GCC_WARN_64_TO_32_BIT_CONVERSION = YES;
				GCC_WARN_ABOUT_RETURN_TYPE = YES_ERROR;
				GCC_WARN_UNDECLARED_SELECTOR = YES;
				GCC_WARN_UNINITIALIZED_AUTOS = YES_AGGRESSIVE;
				GCC_WARN_UNUSED_FUNCTION = YES;
				GCC_WARN_UNUSED_VARIABLE = YES;
				IPHONEOS_DEPLOYMENT_TARGET = 16.4;
				MTL_ENABLE_DEBUG_INFO = INCLUDE_SOURCE;
				MTL_FAST_MATH = YES;
				ONLY_ACTIVE_ARCH = YES;
				SDKROOT = iphoneos;
				SWIFT_ACTIVE_COMPILATION_CONDITIONS = DEBUG;
				SWIFT_OPTIMIZATION_LEVEL = "-Onone";
			};
			name = Debug;
		};
		CEEB8D142A7C9B2A0039D60B /* Release */ = {
			isa = XCBuildConfiguration;
			buildSettings = {
				ALWAYS_SEARCH_USER_PATHS = NO;
				CLANG_ANALYZER_NONNULL = YES;
				CLANG_ANALYZER_NUMBER_OBJECT_CONVERSION = YES_AGGRESSIVE;
				CLANG_CXX_LANGUAGE_STANDARD = "gnu++20";
				CLANG_ENABLE_MODULES = YES;
				CLANG_ENABLE_OBJC_ARC = YES;
				CLANG_ENABLE_OBJC_WEAK = YES;
				CLANG_WARN_BLOCK_CAPTURE_AUTORELEASING = YES;
				CLANG_WARN_BOOL_CONVERSION = YES;
				CLANG_WARN_COMMA = YES;
				CLANG_WARN_CONSTANT_CONVERSION = YES;
				CLANG_WARN_DEPRECATED_OBJC_IMPLEMENTATIONS = YES;
				CLANG_WARN_DIRECT_OBJC_ISA_USAGE = YES_ERROR;
				CLANG_WARN_DOCUMENTATION_COMMENTS = YES;
				CLANG_WARN_EMPTY_BODY = YES;
				CLANG_WARN_ENUM_CONVERSION = YES;
				CLANG_WARN_INFINITE_RECURSION = YES;
				CLANG_WARN_INT_CONVERSION = YES;
				CLANG_WARN_NON_LITERAL_NULL_CONVERSION = YES;
				CLANG_WARN_OBJC_IMPLICIT_RETAIN_SELF = YES;
				CLANG_WARN_OBJC_LITERAL_CONVERSION = YES;
				CLANG_WARN_OBJC_ROOT_CLASS = YES_ERROR;
				CLANG_WARN_QUOTED_INCLUDE_IN_FRAMEWORK_HEADER = YES;
				CLANG_WARN_RANGE_LOOP_ANALYSIS = YES;
				CLANG_WARN_STRICT_PROTOTYPES = YES;
				CLANG_WARN_SUSPICIOUS_MOVE = YES;
				CLANG_WARN_UNGUARDED_AVAILABILITY = YES_AGGRESSIVE;
				CLANG_WARN_UNREACHABLE_CODE = YES;
				CLANG_WARN__DUPLICATE_METHOD_MATCH = YES;
				COPY_PHASE_STRIP = NO;
				DEBUG_INFORMATION_FORMAT = "dwarf-with-dsym";
				ENABLE_NS_ASSERTIONS = NO;
				ENABLE_STRICT_OBJC_MSGSEND = YES;
				GCC_C_LANGUAGE_STANDARD = gnu11;
				GCC_NO_COMMON_BLOCKS = YES;
				GCC_WARN_64_TO_32_BIT_CONVERSION = YES;
				GCC_WARN_ABOUT_RETURN_TYPE = YES_ERROR;
				GCC_WARN_UNDECLARED_SELECTOR = YES;
				GCC_WARN_UNINITIALIZED_AUTOS = YES_AGGRESSIVE;
				GCC_WARN_UNUSED_FUNCTION = YES;
				GCC_WARN_UNUSED_VARIABLE = YES;
				IPHONEOS_DEPLOYMENT_TARGET = 16.4;
				MTL_ENABLE_DEBUG_INFO = NO;
				MTL_FAST_MATH = YES;
				SDKROOT = iphoneos;
				SWIFT_COMPILATION_MODE = wholemodule;
				SWIFT_OPTIMIZATION_LEVEL = "-O";
				VALIDATE_PRODUCT = YES;
			};
			name = Release;
		};
		CEEB8D162A7C9B2A0039D60B /* Debug */ = {
			isa = XCBuildConfiguration;
			buildSettings = {
				ASSETCATALOG_COMPILER_APPICON_NAME = AppIcon;
				ASSETCATALOG_COMPILER_GLOBAL_ACCENT_COLOR_NAME = AccentColor;
				CODE_SIGN_STYLE = Automatic;
				CURRENT_PROJECT_VERSION = 1;
				GENERATE_INFOPLIST_FILE = YES;
				INFOPLIST_FILE = "Interactive Card/Info.plist";
				INFOPLIST_KEY_UIApplicationSupportsIndirectInputEvents = YES;
				INFOPLIST_KEY_UILaunchStoryboardName = LaunchScreen;
				INFOPLIST_KEY_UIMainStoryboardFile = Main;
				INFOPLIST_KEY_UISupportedInterfaceOrientations_iPad = "UIInterfaceOrientationPortrait UIInterfaceOrientationPortraitUpsideDown UIInterfaceOrientationLandscapeLeft UIInterfaceOrientationLandscapeRight";
				INFOPLIST_KEY_UISupportedInterfaceOrientations_iPhone = "UIInterfaceOrientationPortrait UIInterfaceOrientationLandscapeLeft UIInterfaceOrientationLandscapeRight";
				LD_RUNPATH_SEARCH_PATHS = (
					"$(inherited)",
					"@executable_path/Frameworks",
				);
				MARKETING_VERSION = 1.0;
				PRODUCT_BUNDLE_IDENTIFIER = "luthfyra.Interactive-Card";
				PRODUCT_NAME = "$(TARGET_NAME)";
				SWIFT_EMIT_LOC_STRINGS = YES;
				SWIFT_VERSION = 5.0;
				TARGETED_DEVICE_FAMILY = "1,2";
			};
			name = Debug;
		};
		CEEB8D172A7C9B2A0039D60B /* Release */ = {
			isa = XCBuildConfiguration;
			buildSettings = {
				ASSETCATALOG_COMPILER_APPICON_NAME = AppIcon;
				ASSETCATALOG_COMPILER_GLOBAL_ACCENT_COLOR_NAME = AccentColor;
				CODE_SIGN_STYLE = Automatic;
				CURRENT_PROJECT_VERSION = 1;
				GENERATE_INFOPLIST_FILE = YES;
				INFOPLIST_FILE = "Interactive Card/Info.plist";
				INFOPLIST_KEY_UIApplicationSupportsIndirectInputEvents = YES;
				INFOPLIST_KEY_UILaunchStoryboardName = LaunchScreen;
				INFOPLIST_KEY_UIMainStoryboardFile = Main;
				INFOPLIST_KEY_UISupportedInterfaceOrientations_iPad = "UIInterfaceOrientationPortrait UIInterfaceOrientationPortraitUpsideDown UIInterfaceOrientationLandscapeLeft UIInterfaceOrientationLandscapeRight";
				INFOPLIST_KEY_UISupportedInterfaceOrientations_iPhone = "UIInterfaceOrientationPortrait UIInterfaceOrientationLandscapeLeft UIInterfaceOrientationLandscapeRight";
				LD_RUNPATH_SEARCH_PATHS = (
					"$(inherited)",
					"@executable_path/Frameworks",
				);
				MARKETING_VERSION = 1.0;
				PRODUCT_BUNDLE_IDENTIFIER = "luthfyra.Interactive-Card";
				PRODUCT_NAME = "$(TARGET_NAME)";
				SWIFT_EMIT_LOC_STRINGS = YES;
				SWIFT_VERSION = 5.0;
				TARGETED_DEVICE_FAMILY = "1,2";
			};
			name = Release;
		};
/* End XCBuildConfiguration section */

/* Begin XCConfigurationList section */
		CEEB8CFC2A7C9B290039D60B /* Build configuration list for PBXProject "Interactive Card" */ = {
			isa = XCConfigurationList;
			buildConfigurations = (
				CEEB8D132A7C9B2A0039D60B /* Debug */,
				CEEB8D142A7C9B2A0039D60B /* Release */,
			);
			defaultConfigurationIsVisible = 0;
			defaultConfigurationName = Release;
		};
		CEEB8D152A7C9B2A0039D60B /* Build configuration list for PBXNativeTarget "Interactive Card" */ = {
			isa = XCConfigurationList;
			buildConfigurations = (
				CEEB8D162A7C9B2A0039D60B /* Debug */,
				CEEB8D172A7C9B2A0039D60B /* Release */,
			);
			defaultConfigurationIsVisible = 0;
			defaultConfigurationName = Release;
		};
/* End XCConfigurationList section */

/* Begin XCRemoteSwiftPackageReference section */
		CE9997582A7CEE4B00D0B60A /* XCRemoteSwiftPackageReference "firebase-ios-sdk" */ = {
			isa = XCRemoteSwiftPackageReference;
			repositoryURL = "https://github.com/firebase/firebase-ios-sdk";
			requirement = {
				kind = upToNextMajorVersion;
				minimumVersion = 10.0.0;
			};
		};
/* End XCRemoteSwiftPackageReference section */

/* Begin XCSwiftPackageProductDependency section */
		CE9997592A7CEE4B00D0B60A /* FirebaseAnalytics */ = {
			isa = XCSwiftPackageProductDependency;
			package = CE9997582A7CEE4B00D0B60A /* XCRemoteSwiftPackageReference "firebase-ios-sdk" */;
			productName = FirebaseAnalytics;
		};
		CE99975B2A7CEE4B00D0B60A /* FirebaseMessaging */ = {
			isa = XCSwiftPackageProductDependency;
			package = CE9997582A7CEE4B00D0B60A /* XCRemoteSwiftPackageReference "firebase-ios-sdk" */;
			productName = FirebaseMessaging;
		};
/* End XCSwiftPackageProductDependency section */
	};
	rootObject = CEEB8CF92A7C9B290039D60B /* Project object */;
}
