// !$*UTF8*$!
{
	archiveVersion = 1;
	classes = {
	};
	objectVersion = 56;
	objects = {

/* Begin PBXBuildFile section */
		CE43956B2A81F1FD008B5719 /* HomeView.swift in Sources */ = {isa = PBXBuildFile; fileRef = CE43956A2A81F1FD008B5719 /* HomeView.swift */; };
		CE43956D2A81F221008B5719 /* HomePresenter.swift in Sources */ = {isa = PBXBuildFile; fileRef = CE43956C2A81F221008B5719 /* HomePresenter.swift */; };
		CE43956F2A81F232008B5719 /* HomeInteractor.swift in Sources */ = {isa = PBXBuildFile; fileRef = CE43956E2A81F232008B5719 /* HomeInteractor.swift */; };
		CE4395712A81F241008B5719 /* HomeRouter.swift in Sources */ = {isa = PBXBuildFile; fileRef = CE4395702A81F241008B5719 /* HomeRouter.swift */; };
		CE4395732A81F313008B5719 /* NewCarsView.swift in Sources */ = {isa = PBXBuildFile; fileRef = CE4395722A81F313008B5719 /* NewCarsView.swift */; };
		CE4395752A81F31E008B5719 /* NewCarsPresenter.swift in Sources */ = {isa = PBXBuildFile; fileRef = CE4395742A81F31E008B5719 /* NewCarsPresenter.swift */; };
		CE4395772A81F328008B5719 /* NewCarsInteractor.swift in Sources */ = {isa = PBXBuildFile; fileRef = CE4395762A81F328008B5719 /* NewCarsInteractor.swift */; };
		CE4395792A81F332008B5719 /* NewCarsRouter.swift in Sources */ = {isa = PBXBuildFile; fileRef = CE4395782A81F332008B5719 /* NewCarsRouter.swift */; };
		CE43957B2A81F354008B5719 /* ServiceView.swift in Sources */ = {isa = PBXBuildFile; fileRef = CE43957A2A81F354008B5719 /* ServiceView.swift */; };
		CE43957D2A81F35F008B5719 /* ServicePresenter.swift in Sources */ = {isa = PBXBuildFile; fileRef = CE43957C2A81F35F008B5719 /* ServicePresenter.swift */; };
		CE43957F2A81F370008B5719 /* ServiceInteractor.swift in Sources */ = {isa = PBXBuildFile; fileRef = CE43957E2A81F370008B5719 /* ServiceInteractor.swift */; };
		CE4395812A81F382008B5719 /* ServiceRouter.swift in Sources */ = {isa = PBXBuildFile; fileRef = CE4395802A81F382008B5719 /* ServiceRouter.swift */; };
		CE4395832A81F39C008B5719 /* LiveChatView.swift in Sources */ = {isa = PBXBuildFile; fileRef = CE4395822A81F39C008B5719 /* LiveChatView.swift */; };
		CE4395852A81F3B5008B5719 /* LiveChatPresenter.swift in Sources */ = {isa = PBXBuildFile; fileRef = CE4395842A81F3B5008B5719 /* LiveChatPresenter.swift */; };
		CE4395872A81F3E6008B5719 /* LiveChatInteractor.swift in Sources */ = {isa = PBXBuildFile; fileRef = CE4395862A81F3E6008B5719 /* LiveChatInteractor.swift */; };
		CE4395892A81F3FB008B5719 /* LiveChatRouter.swift in Sources */ = {isa = PBXBuildFile; fileRef = CE4395882A81F3FB008B5719 /* LiveChatRouter.swift */; };
		CE43958B2A81F42D008B5719 /* Extensions.swift in Sources */ = {isa = PBXBuildFile; fileRef = CE43958A2A81F42D008B5719 /* Extensions.swift */; };
		CE43958D2A81F446008B5719 /* Constants.swift in Sources */ = {isa = PBXBuildFile; fileRef = CE43958C2A81F446008B5719 /* Constants.swift */; };
		CEB6E8922A808ED3008C1AA5 /* AppDelegate.swift in Sources */ = {isa = PBXBuildFile; fileRef = CEB6E8912A808ED3008C1AA5 /* AppDelegate.swift */; };
		CEB6E8942A808ED3008C1AA5 /* SceneDelegate.swift in Sources */ = {isa = PBXBuildFile; fileRef = CEB6E8932A808ED3008C1AA5 /* SceneDelegate.swift */; };
		CEB6E8962A808ED3008C1AA5 /* ViewController.swift in Sources */ = {isa = PBXBuildFile; fileRef = CEB6E8952A808ED3008C1AA5 /* ViewController.swift */; };
		CEB6E8992A808ED3008C1AA5 /* Main.storyboard in Resources */ = {isa = PBXBuildFile; fileRef = CEB6E8972A808ED3008C1AA5 /* Main.storyboard */; };
		CEB6E89B2A808ED3008C1AA5 /* Assets.xcassets in Resources */ = {isa = PBXBuildFile; fileRef = CEB6E89A2A808ED3008C1AA5 /* Assets.xcassets */; };
		CEB6E89E2A808ED3008C1AA5 /* LaunchScreen.storyboard in Resources */ = {isa = PBXBuildFile; fileRef = CEB6E89C2A808ED3008C1AA5 /* LaunchScreen.storyboard */; };
/* End PBXBuildFile section */

/* Begin PBXFileReference section */
		CE43956A2A81F1FD008B5719 /* HomeView.swift */ = {isa = PBXFileReference; lastKnownFileType = sourcecode.swift; path = HomeView.swift; sourceTree = "<group>"; };
		CE43956C2A81F221008B5719 /* HomePresenter.swift */ = {isa = PBXFileReference; lastKnownFileType = sourcecode.swift; path = HomePresenter.swift; sourceTree = "<group>"; };
		CE43956E2A81F232008B5719 /* HomeInteractor.swift */ = {isa = PBXFileReference; lastKnownFileType = sourcecode.swift; path = HomeInteractor.swift; sourceTree = "<group>"; };
		CE4395702A81F241008B5719 /* HomeRouter.swift */ = {isa = PBXFileReference; lastKnownFileType = sourcecode.swift; path = HomeRouter.swift; sourceTree = "<group>"; };
		CE4395722A81F313008B5719 /* NewCarsView.swift */ = {isa = PBXFileReference; lastKnownFileType = sourcecode.swift; path = NewCarsView.swift; sourceTree = "<group>"; };
		CE4395742A81F31E008B5719 /* NewCarsPresenter.swift */ = {isa = PBXFileReference; lastKnownFileType = sourcecode.swift; path = NewCarsPresenter.swift; sourceTree = "<group>"; };
		CE4395762A81F328008B5719 /* NewCarsInteractor.swift */ = {isa = PBXFileReference; lastKnownFileType = sourcecode.swift; path = NewCarsInteractor.swift; sourceTree = "<group>"; };
		CE4395782A81F332008B5719 /* NewCarsRouter.swift */ = {isa = PBXFileReference; lastKnownFileType = sourcecode.swift; path = NewCarsRouter.swift; sourceTree = "<group>"; };
		CE43957A2A81F354008B5719 /* ServiceView.swift */ = {isa = PBXFileReference; lastKnownFileType = sourcecode.swift; path = ServiceView.swift; sourceTree = "<group>"; };
		CE43957C2A81F35F008B5719 /* ServicePresenter.swift */ = {isa = PBXFileReference; lastKnownFileType = sourcecode.swift; path = ServicePresenter.swift; sourceTree = "<group>"; };
		CE43957E2A81F370008B5719 /* ServiceInteractor.swift */ = {isa = PBXFileReference; lastKnownFileType = sourcecode.swift; path = ServiceInteractor.swift; sourceTree = "<group>"; };
		CE4395802A81F382008B5719 /* ServiceRouter.swift */ = {isa = PBXFileReference; lastKnownFileType = sourcecode.swift; path = ServiceRouter.swift; sourceTree = "<group>"; };
		CE4395822A81F39C008B5719 /* LiveChatView.swift */ = {isa = PBXFileReference; lastKnownFileType = sourcecode.swift; path = LiveChatView.swift; sourceTree = "<group>"; };
		CE4395842A81F3B5008B5719 /* LiveChatPresenter.swift */ = {isa = PBXFileReference; lastKnownFileType = sourcecode.swift; path = LiveChatPresenter.swift; sourceTree = "<group>"; };
		CE4395862A81F3E6008B5719 /* LiveChatInteractor.swift */ = {isa = PBXFileReference; lastKnownFileType = sourcecode.swift; path = LiveChatInteractor.swift; sourceTree = "<group>"; };
		CE4395882A81F3FB008B5719 /* LiveChatRouter.swift */ = {isa = PBXFileReference; lastKnownFileType = sourcecode.swift; path = LiveChatRouter.swift; sourceTree = "<group>"; };
		CE43958A2A81F42D008B5719 /* Extensions.swift */ = {isa = PBXFileReference; lastKnownFileType = sourcecode.swift; path = Extensions.swift; sourceTree = "<group>"; };
		CE43958C2A81F446008B5719 /* Constants.swift */ = {isa = PBXFileReference; lastKnownFileType = sourcecode.swift; path = Constants.swift; sourceTree = "<group>"; };
		CEB6E88E2A808ED3008C1AA5 /* Auto2000.app */ = {isa = PBXFileReference; explicitFileType = wrapper.application; includeInIndex = 0; path = Auto2000.app; sourceTree = BUILT_PRODUCTS_DIR; };
		CEB6E8912A808ED3008C1AA5 /* AppDelegate.swift */ = {isa = PBXFileReference; lastKnownFileType = sourcecode.swift; path = AppDelegate.swift; sourceTree = "<group>"; };
		CEB6E8932A808ED3008C1AA5 /* SceneDelegate.swift */ = {isa = PBXFileReference; lastKnownFileType = sourcecode.swift; path = SceneDelegate.swift; sourceTree = "<group>"; };
		CEB6E8952A808ED3008C1AA5 /* ViewController.swift */ = {isa = PBXFileReference; lastKnownFileType = sourcecode.swift; path = ViewController.swift; sourceTree = "<group>"; };
		CEB6E8982A808ED3008C1AA5 /* Base */ = {isa = PBXFileReference; lastKnownFileType = file.storyboard; name = Base; path = Base.lproj/Main.storyboard; sourceTree = "<group>"; };
		CEB6E89A2A808ED3008C1AA5 /* Assets.xcassets */ = {isa = PBXFileReference; lastKnownFileType = folder.assetcatalog; path = Assets.xcassets; sourceTree = "<group>"; };
		CEB6E89D2A808ED3008C1AA5 /* Base */ = {isa = PBXFileReference; lastKnownFileType = file.storyboard; name = Base; path = Base.lproj/LaunchScreen.storyboard; sourceTree = "<group>"; };
		CEB6E89F2A808ED3008C1AA5 /* Info.plist */ = {isa = PBXFileReference; lastKnownFileType = text.plist.xml; path = Info.plist; sourceTree = "<group>"; };
/* End PBXFileReference section */

/* Begin PBXFrameworksBuildPhase section */
		CEB6E88B2A808ED3008C1AA5 /* Frameworks */ = {
			isa = PBXFrameworksBuildPhase;
			buildActionMask = 2147483647;
			files = (
			);
			runOnlyForDeploymentPostprocessing = 0;
		};
/* End PBXFrameworksBuildPhase section */

/* Begin PBXGroup section */
		CE43955B2A81EDD9008B5719 /* Modules */ = {
			isa = PBXGroup;
			children = (
				CE4395662A81F0F1008B5719 /* LiveChat */,
				CE4395652A81F0C0008B5719 /* Service */,
				CE4395642A81F0B7008B5719 /* NewCars */,
				CE4395632A81F0A8008B5719 /* Home */,
			);
			path = Modules;
			sourceTree = "<group>";
		};
		CE4395632A81F0A8008B5719 /* Home */ = {
			isa = PBXGroup;
			children = (
				CE43956A2A81F1FD008B5719 /* HomeView.swift */,
				CE43956C2A81F221008B5719 /* HomePresenter.swift */,
				CE43956E2A81F232008B5719 /* HomeInteractor.swift */,
				CE4395702A81F241008B5719 /* HomeRouter.swift */,
			);
			path = Home;
			sourceTree = "<group>";
		};
		CE4395642A81F0B7008B5719 /* NewCars */ = {
			isa = PBXGroup;
			children = (
				CE4395722A81F313008B5719 /* NewCarsView.swift */,
				CE4395742A81F31E008B5719 /* NewCarsPresenter.swift */,
				CE4395762A81F328008B5719 /* NewCarsInteractor.swift */,
				CE4395782A81F332008B5719 /* NewCarsRouter.swift */,
			);
			path = NewCars;
			sourceTree = "<group>";
		};
		CE4395652A81F0C0008B5719 /* Service */ = {
			isa = PBXGroup;
			children = (
				CE43957A2A81F354008B5719 /* ServiceView.swift */,
				CE43957C2A81F35F008B5719 /* ServicePresenter.swift */,
				CE43957E2A81F370008B5719 /* ServiceInteractor.swift */,
				CE4395802A81F382008B5719 /* ServiceRouter.swift */,
			);
			path = Service;
			sourceTree = "<group>";
		};
		CE4395662A81F0F1008B5719 /* LiveChat */ = {
			isa = PBXGroup;
			children = (
				CE4395822A81F39C008B5719 /* LiveChatView.swift */,
				CE4395842A81F3B5008B5719 /* LiveChatPresenter.swift */,
				CE4395862A81F3E6008B5719 /* LiveChatInteractor.swift */,
				CE4395882A81F3FB008B5719 /* LiveChatRouter.swift */,
			);
			path = LiveChat;
			sourceTree = "<group>";
		};
		CE4395672A81F149008B5719 /* Common */ = {
			isa = PBXGroup;
			children = (
				CE43958A2A81F42D008B5719 /* Extensions.swift */,
				CE43958C2A81F446008B5719 /* Constants.swift */,
			);
			path = Common;
			sourceTree = "<group>";
		};
		CE4395682A81F157008B5719 /* Resources */ = {
			isa = PBXGroup;
			children = (
			);
			path = Resources;
			sourceTree = "<group>";
		};
		CEB6E8852A808ED2008C1AA5 = {
			isa = PBXGroup;
			children = (
				CEB6E8902A808ED3008C1AA5 /* Auto2000 */,
				CEB6E88F2A808ED3008C1AA5 /* Products */,
			);
			sourceTree = "<group>";
		};
		CEB6E88F2A808ED3008C1AA5 /* Products */ = {
			isa = PBXGroup;
			children = (
				CEB6E88E2A808ED3008C1AA5 /* Auto2000.app */,
			);
			name = Products;
			sourceTree = "<group>";
		};
		CEB6E8902A808ED3008C1AA5 /* Auto2000 */ = {
			isa = PBXGroup;
			children = (
				CE4395682A81F157008B5719 /* Resources */,
				CE4395672A81F149008B5719 /* Common */,
				CE43955B2A81EDD9008B5719 /* Modules */,
				CEB6E8912A808ED3008C1AA5 /* AppDelegate.swift */,
				CEB6E8932A808ED3008C1AA5 /* SceneDelegate.swift */,
				CEB6E8952A808ED3008C1AA5 /* ViewController.swift */,
				CEB6E8972A808ED3008C1AA5 /* Main.storyboard */,
				CEB6E89C2A808ED3008C1AA5 /* LaunchScreen.storyboard */,
				CEB6E89A2A808ED3008C1AA5 /* Assets.xcassets */,
				CEB6E89F2A808ED3008C1AA5 /* Info.plist */,
			);
			path = Auto2000;
			sourceTree = "<group>";
		};
/* End PBXGroup section */

/* Begin PBXNativeTarget section */
		CEB6E88D2A808ED3008C1AA5 /* Auto2000 */ = {
			isa = PBXNativeTarget;
			buildConfigurationList = CEB6E8A22A808ED3008C1AA5 /* Build configuration list for PBXNativeTarget "Auto2000" */;
			buildPhases = (
				CEB6E88A2A808ED3008C1AA5 /* Sources */,
				CEB6E88B2A808ED3008C1AA5 /* Frameworks */,
				CEB6E88C2A808ED3008C1AA5 /* Resources */,
			);
			buildRules = (
			);
			dependencies = (
			);
			name = Auto2000;
			productName = Auto2000;
			productReference = CEB6E88E2A808ED3008C1AA5 /* Auto2000.app */;
			productType = "com.apple.product-type.application";
		};
/* End PBXNativeTarget section */

/* Begin PBXProject section */
		CEB6E8862A808ED2008C1AA5 /* Project object */ = {
			isa = PBXProject;
			attributes = {
				BuildIndependentTargetsInParallel = 1;
				LastSwiftUpdateCheck = 1430;
				LastUpgradeCheck = 1430;
				TargetAttributes = {
					CEB6E88D2A808ED3008C1AA5 = {
						CreatedOnToolsVersion = 14.3.1;
					};
				};
			};
			buildConfigurationList = CEB6E8892A808ED2008C1AA5 /* Build configuration list for PBXProject "Auto2000" */;
			compatibilityVersion = "Xcode 14.0";
			developmentRegion = en;
			hasScannedForEncodings = 0;
			knownRegions = (
				en,
				Base,
			);
			mainGroup = CEB6E8852A808ED2008C1AA5;
			productRefGroup = CEB6E88F2A808ED3008C1AA5 /* Products */;
			projectDirPath = "";
			projectRoot = "";
			targets = (
				CEB6E88D2A808ED3008C1AA5 /* Auto2000 */,
			);
		};
/* End PBXProject section */

/* Begin PBXResourcesBuildPhase section */
		CEB6E88C2A808ED3008C1AA5 /* Resources */ = {
			isa = PBXResourcesBuildPhase;
			buildActionMask = 2147483647;
			files = (
				CEB6E89E2A808ED3008C1AA5 /* LaunchScreen.storyboard in Resources */,
				CEB6E89B2A808ED3008C1AA5 /* Assets.xcassets in Resources */,
				CEB6E8992A808ED3008C1AA5 /* Main.storyboard in Resources */,
			);
			runOnlyForDeploymentPostprocessing = 0;
		};
/* End PBXResourcesBuildPhase section */

/* Begin PBXSourcesBuildPhase section */
		CEB6E88A2A808ED3008C1AA5 /* Sources */ = {
			isa = PBXSourcesBuildPhase;
			buildActionMask = 2147483647;
			files = (
				CEB6E8962A808ED3008C1AA5 /* ViewController.swift in Sources */,
				CE4395812A81F382008B5719 /* ServiceRouter.swift in Sources */,
				CE43956B2A81F1FD008B5719 /* HomeView.swift in Sources */,
				CE43957D2A81F35F008B5719 /* ServicePresenter.swift in Sources */,
				CE4395772A81F328008B5719 /* NewCarsInteractor.swift in Sources */,
				CE4395732A81F313008B5719 /* NewCarsView.swift in Sources */,
				CE43957B2A81F354008B5719 /* ServiceView.swift in Sources */,
				CE43957F2A81F370008B5719 /* ServiceInteractor.swift in Sources */,
				CE4395832A81F39C008B5719 /* LiveChatView.swift in Sources */,
				CE4395852A81F3B5008B5719 /* LiveChatPresenter.swift in Sources */,
				CE4395872A81F3E6008B5719 /* LiveChatInteractor.swift in Sources */,
				CE43958D2A81F446008B5719 /* Constants.swift in Sources */,
				CE4395712A81F241008B5719 /* HomeRouter.swift in Sources */,
				CEB6E8922A808ED3008C1AA5 /* AppDelegate.swift in Sources */,
				CE43956F2A81F232008B5719 /* HomeInteractor.swift in Sources */,
				CE4395752A81F31E008B5719 /* NewCarsPresenter.swift in Sources */,
				CE43958B2A81F42D008B5719 /* Extensions.swift in Sources */,
				CE43956D2A81F221008B5719 /* HomePresenter.swift in Sources */,
				CEB6E8942A808ED3008C1AA5 /* SceneDelegate.swift in Sources */,
				CE4395892A81F3FB008B5719 /* LiveChatRouter.swift in Sources */,
				CE4395792A81F332008B5719 /* NewCarsRouter.swift in Sources */,
			);
			runOnlyForDeploymentPostprocessing = 0;
		};
/* End PBXSourcesBuildPhase section */

/* Begin PBXVariantGroup section */
		CEB6E8972A808ED3008C1AA5 /* Main.storyboard */ = {
			isa = PBXVariantGroup;
			children = (
				CEB6E8982A808ED3008C1AA5 /* Base */,
			);
			name = Main.storyboard;
			sourceTree = "<group>";
		};
		CEB6E89C2A808ED3008C1AA5 /* LaunchScreen.storyboard */ = {
			isa = PBXVariantGroup;
			children = (
				CEB6E89D2A808ED3008C1AA5 /* Base */,
			);
			name = LaunchScreen.storyboard;
			sourceTree = "<group>";
		};
/* End PBXVariantGroup section */

/* Begin XCBuildConfiguration section */
		CEB6E8A02A808ED3008C1AA5 /* Debug */ = {
			isa = XCBuildConfiguration;
			buildSettings = {
				ALWAYS_SEARCH_USER_PATHS = NO;
				CLANG_ANALYZER_NONNULL = YES;
				CLANG_ANALYZER_NUMBER_OBJECT_CONVERSION = YES_AGGRESSIVE;
				CLANG_CXX_LANGUAGE_STANDARD = "gnu++20";
				CLANG_ENABLE_MODULES = YES;
				CLANG_ENABLE_OBJC_ARC = YES;
				CLANG_ENABLE_OBJC_WEAK = YES;
				CLANG_WARN_BLOCK_CAPTURE_AUTORELEASING = YES;
				CLANG_WARN_BOOL_CONVERSION = YES;
				CLANG_WARN_COMMA = YES;
				CLANG_WARN_CONSTANT_CONVERSION = YES;
				CLANG_WARN_DEPRECATED_OBJC_IMPLEMENTATIONS = YES;
				CLANG_WARN_DIRECT_OBJC_ISA_USAGE = YES_ERROR;
				CLANG_WARN_DOCUMENTATION_COMMENTS = YES;
				CLANG_WARN_EMPTY_BODY = YES;
				CLANG_WARN_ENUM_CONVERSION = YES;
				CLANG_WARN_INFINITE_RECURSION = YES;
				CLANG_WARN_INT_CONVERSION = YES;
				CLANG_WARN_NON_LITERAL_NULL_CONVERSION = YES;
				CLANG_WARN_OBJC_IMPLICIT_RETAIN_SELF = YES;
				CLANG_WARN_OBJC_LITERAL_CONVERSION = YES;
				CLANG_WARN_OBJC_ROOT_CLASS = YES_ERROR;
				CLANG_WARN_QUOTED_INCLUDE_IN_FRAMEWORK_HEADER = YES;
				CLANG_WARN_RANGE_LOOP_ANALYSIS = YES;
				CLANG_WARN_STRICT_PROTOTYPES = YES;
				CLANG_WARN_SUSPICIOUS_MOVE = YES;
				CLANG_WARN_UNGUARDED_AVAILABILITY = YES_AGGRESSIVE;
				CLANG_WARN_UNREACHABLE_CODE = YES;
				CLANG_WARN__DUPLICATE_METHOD_MATCH = YES;
				COPY_PHASE_STRIP = NO;
				DEBUG_INFORMATION_FORMAT = dwarf;
				ENABLE_STRICT_OBJC_MSGSEND = YES;
				ENABLE_TESTABILITY = YES;
				GCC_C_LANGUAGE_STANDARD = gnu11;
				GCC_DYNAMIC_NO_PIC = NO;
				GCC_NO_COMMON_BLOCKS = YES;
				GCC_OPTIMIZATION_LEVEL = 0;
				GCC_PREPROCESSOR_DEFINITIONS = (
					"DEBUG=1",
					"$(inherited)",
				);
				GCC_WARN_64_TO_32_BIT_CONVERSION = YES;
				GCC_WARN_ABOUT_RETURN_TYPE = YES_ERROR;
				GCC_WARN_UNDECLARED_SELECTOR = YES;
				GCC_WARN_UNINITIALIZED_AUTOS = YES_AGGRESSIVE;
				GCC_WARN_UNUSED_FUNCTION = YES;
				GCC_WARN_UNUSED_VARIABLE = YES;
				IPHONEOS_DEPLOYMENT_TARGET = 16.4;
				MTL_ENABLE_DEBUG_INFO = INCLUDE_SOURCE;
				MTL_FAST_MATH = YES;
				ONLY_ACTIVE_ARCH = YES;
				SDKROOT = iphoneos;
				SWIFT_ACTIVE_COMPILATION_CONDITIONS = DEBUG;
				SWIFT_OPTIMIZATION_LEVEL = "-Onone";
			};
			name = Debug;
		};
		CEB6E8A12A808ED3008C1AA5 /* Release */ = {
			isa = XCBuildConfiguration;
			buildSettings = {
				ALWAYS_SEARCH_USER_PATHS = NO;
				CLANG_ANALYZER_NONNULL = YES;
				CLANG_ANALYZER_NUMBER_OBJECT_CONVERSION = YES_AGGRESSIVE;
				CLANG_CXX_LANGUAGE_STANDARD = "gnu++20";
				CLANG_ENABLE_MODULES = YES;
				CLANG_ENABLE_OBJC_ARC = YES;
				CLANG_ENABLE_OBJC_WEAK = YES;
				CLANG_WARN_BLOCK_CAPTURE_AUTORELEASING = YES;
				CLANG_WARN_BOOL_CONVERSION = YES;
				CLANG_WARN_COMMA = YES;
				CLANG_WARN_CONSTANT_CONVERSION = YES;
				CLANG_WARN_DEPRECATED_OBJC_IMPLEMENTATIONS = YES;
				CLANG_WARN_DIRECT_OBJC_ISA_USAGE = YES_ERROR;
				CLANG_WARN_DOCUMENTATION_COMMENTS = YES;
				CLANG_WARN_EMPTY_BODY = YES;
				CLANG_WARN_ENUM_CONVERSION = YES;
				CLANG_WARN_INFINITE_RECURSION = YES;
				CLANG_WARN_INT_CONVERSION = YES;
				CLANG_WARN_NON_LITERAL_NULL_CONVERSION = YES;
				CLANG_WARN_OBJC_IMPLICIT_RETAIN_SELF = YES;
				CLANG_WARN_OBJC_LITERAL_CONVERSION = YES;
				CLANG_WARN_OBJC_ROOT_CLASS = YES_ERROR;
				CLANG_WARN_QUOTED_INCLUDE_IN_FRAMEWORK_HEADER = YES;
				CLANG_WARN_RANGE_LOOP_ANALYSIS = YES;
				CLANG_WARN_STRICT_PROTOTYPES = YES;
				CLANG_WARN_SUSPICIOUS_MOVE = YES;
				CLANG_WARN_UNGUARDED_AVAILABILITY = YES_AGGRESSIVE;
				CLANG_WARN_UNREACHABLE_CODE = YES;
				CLANG_WARN__DUPLICATE_METHOD_MATCH = YES;
				COPY_PHASE_STRIP = NO;
				DEBUG_INFORMATION_FORMAT = "dwarf-with-dsym";
				ENABLE_NS_ASSERTIONS = NO;
				ENABLE_STRICT_OBJC_MSGSEND = YES;
				GCC_C_LANGUAGE_STANDARD = gnu11;
				GCC_NO_COMMON_BLOCKS = YES;
				GCC_WARN_64_TO_32_BIT_CONVERSION = YES;
				GCC_WARN_ABOUT_RETURN_TYPE = YES_ERROR;
				GCC_WARN_UNDECLARED_SELECTOR = YES;
				GCC_WARN_UNINITIALIZED_AUTOS = YES_AGGRESSIVE;
				GCC_WARN_UNUSED_FUNCTION = YES;
				GCC_WARN_UNUSED_VARIABLE = YES;
				IPHONEOS_DEPLOYMENT_TARGET = 16.4;
				MTL_ENABLE_DEBUG_INFO = NO;
				MTL_FAST_MATH = YES;
				SDKROOT = iphoneos;
				SWIFT_COMPILATION_MODE = wholemodule;
				SWIFT_OPTIMIZATION_LEVEL = "-O";
				VALIDATE_PRODUCT = YES;
			};
			name = Release;
		};
		CEB6E8A32A808ED3008C1AA5 /* Debug */ = {
			isa = XCBuildConfiguration;
			buildSettings = {
				ASSETCATALOG_COMPILER_APPICON_NAME = AppIcon;
				ASSETCATALOG_COMPILER_GLOBAL_ACCENT_COLOR_NAME = AccentColor;
				CODE_SIGN_STYLE = Automatic;
				CURRENT_PROJECT_VERSION = 1;
				GENERATE_INFOPLIST_FILE = YES;
				INFOPLIST_FILE = Auto2000/Info.plist;
				INFOPLIST_KEY_UIApplicationSupportsIndirectInputEvents = YES;
				INFOPLIST_KEY_UILaunchStoryboardName = LaunchScreen;
				INFOPLIST_KEY_UIMainStoryboardFile = Main;
				INFOPLIST_KEY_UISupportedInterfaceOrientations = UIInterfaceOrientationPortrait;
				LD_RUNPATH_SEARCH_PATHS = (
					"$(inherited)",
					"@executable_path/Frameworks",
				);
				MARKETING_VERSION = 1.0;
				PRODUCT_BUNDLE_IDENTIFIER = "member-of-astra.Auto2000";
				PRODUCT_NAME = "$(TARGET_NAME)";
				SWIFT_EMIT_LOC_STRINGS = YES;
				SWIFT_VERSION = 5.0;
				TARGETED_DEVICE_FAMILY = "1,2";
			};
			name = Debug;
		};
		CEB6E8A42A808ED3008C1AA5 /* Release */ = {
			isa = XCBuildConfiguration;
			buildSettings = {
				ASSETCATALOG_COMPILER_APPICON_NAME = AppIcon;
				ASSETCATALOG_COMPILER_GLOBAL_ACCENT_COLOR_NAME = AccentColor;
				CODE_SIGN_STYLE = Automatic;
				CURRENT_PROJECT_VERSION = 1;
				GENERATE_INFOPLIST_FILE = YES;
				INFOPLIST_FILE = Auto2000/Info.plist;
				INFOPLIST_KEY_UIApplicationSupportsIndirectInputEvents = YES;
				INFOPLIST_KEY_UILaunchStoryboardName = LaunchScreen;
				INFOPLIST_KEY_UIMainStoryboardFile = Main;
				INFOPLIST_KEY_UISupportedInterfaceOrientations = UIInterfaceOrientationPortrait;
				LD_RUNPATH_SEARCH_PATHS = (
					"$(inherited)",
					"@executable_path/Frameworks",
				);
				MARKETING_VERSION = 1.0;
				PRODUCT_BUNDLE_IDENTIFIER = "member-of-astra.Auto2000";
				PRODUCT_NAME = "$(TARGET_NAME)";
				SWIFT_EMIT_LOC_STRINGS = YES;
				SWIFT_VERSION = 5.0;
				TARGETED_DEVICE_FAMILY = "1,2";
			};
			name = Release;
		};
/* End XCBuildConfiguration section */

/* Begin XCConfigurationList section */
		CEB6E8892A808ED2008C1AA5 /* Build configuration list for PBXProject "Auto2000" */ = {
			isa = XCConfigurationList;
			buildConfigurations = (
				CEB6E8A02A808ED3008C1AA5 /* Debug */,
				CEB6E8A12A808ED3008C1AA5 /* Release */,
			);
			defaultConfigurationIsVisible = 0;
			defaultConfigurationName = Release;
		};
		CEB6E8A22A808ED3008C1AA5 /* Build configuration list for PBXNativeTarget "Auto2000" */ = {
			isa = XCConfigurationList;
			buildConfigurations = (
				CEB6E8A32A808ED3008C1AA5 /* Debug */,
				CEB6E8A42A808ED3008C1AA5 /* Release */,
			);
			defaultConfigurationIsVisible = 0;
			defaultConfigurationName = Release;
		};
/* End XCConfigurationList section */
	};
	rootObject = CEB6E8862A808ED2008C1AA5 /* Project object */;
}
