// !$*UTF8*$!
{
	archiveVersion = 1;
	classes = {
	};
	objectVersion = 56;
	objects = {

/* Begin PBXBuildFile section */
		CE376AC82A7E9706002F8BFA /* NewPostView.swift in Sources */ = {isa = PBXBuildFile; fileRef = CE376AC72A7E9706002F8BFA /* NewPostView.swift */; };
		CE376ACA2A7E9F61002F8BFA /* DetailView.swift in Sources */ = {isa = PBXBuildFile; fileRef = CE376AC92A7E9F61002F8BFA /* DetailView.swift */; };
		CE78EC792A7E72DF00AA82BA /* CRUD_OperationApp.swift in Sources */ = {isa = PBXBuildFile; fileRef = CE78EC782A7E72DF00AA82BA /* CRUD_OperationApp.swift */; };
		CE78EC7B2A7E72DF00AA82BA /* ContentView.swift in Sources */ = {isa = PBXBuildFile; fileRef = CE78EC7A2A7E72DF00AA82BA /* ContentView.swift */; };
		CE78EC7D2A7E72E000AA82BA /* Assets.xcassets in Resources */ = {isa = PBXBuildFile; fileRef = CE78EC7C2A7E72E000AA82BA /* Assets.xcassets */; };
		CE78EC802A7E72E000AA82BA /* Preview Assets.xcassets in Resources */ = {isa = PBXBuildFile; fileRef = CE78EC7F2A7E72E000AA82BA /* Preview Assets.xcassets */; };
		CE78EC872A7E733700AA82BA /* Models.swift in Sources */ = {isa = PBXBuildFile; fileRef = CE78EC862A7E733700AA82BA /* Models.swift */; };
		CE78EC892A7E73C400AA82BA /* ViewModel.swift in Sources */ = {isa = PBXBuildFile; fileRef = CE78EC882A7E73C400AA82BA /* ViewModel.swift */; };
/* End PBXBuildFile section */

/* Begin PBXFileReference section */
		CE376AC72A7E9706002F8BFA /* NewPostView.swift */ = {isa = PBXFileReference; lastKnownFileType = sourcecode.swift; path = NewPostView.swift; sourceTree = "<group>"; };
		CE376AC92A7E9F61002F8BFA /* DetailView.swift */ = {isa = PBXFileReference; lastKnownFileType = sourcecode.swift; path = DetailView.swift; sourceTree = "<group>"; };
		CE376B1B2A7EA9D7002F8BFA /* CRUD-Operation-Info.plist */ = {isa = PBXFileReference; lastKnownFileType = text.plist; path = "CRUD-Operation-Info.plist"; sourceTree = SOURCE_ROOT; };
		CE78EC752A7E72DF00AA82BA /* CRUD Operation.app */ = {isa = PBXFileReference; explicitFileType = wrapper.application; includeInIndex = 0; path = "CRUD Operation.app"; sourceTree = BUILT_PRODUCTS_DIR; };
		CE78EC782A7E72DF00AA82BA /* CRUD_OperationApp.swift */ = {isa = PBXFileReference; lastKnownFileType = sourcecode.swift; path = CRUD_OperationApp.swift; sourceTree = "<group>"; };
		CE78EC7A2A7E72DF00AA82BA /* ContentView.swift */ = {isa = PBXFileReference; lastKnownFileType = sourcecode.swift; path = ContentView.swift; sourceTree = "<group>"; };
		CE78EC7C2A7E72E000AA82BA /* Assets.xcassets */ = {isa = PBXFileReference; lastKnownFileType = folder.assetcatalog; path = Assets.xcassets; sourceTree = "<group>"; };
		CE78EC7F2A7E72E000AA82BA /* Preview Assets.xcassets */ = {isa = PBXFileReference; lastKnownFileType = folder.assetcatalog; path = "Preview Assets.xcassets"; sourceTree = "<group>"; };
		CE78EC862A7E733700AA82BA /* Models.swift */ = {isa = PBXFileReference; lastKnownFileType = sourcecode.swift; path = Models.swift; sourceTree = "<group>"; };
		CE78EC882A7E73C400AA82BA /* ViewModel.swift */ = {isa = PBXFileReference; lastKnownFileType = sourcecode.swift; path = ViewModel.swift; sourceTree = "<group>"; };
/* End PBXFileReference section */

/* Begin PBXFrameworksBuildPhase section */
		CE78EC722A7E72DF00AA82BA /* Frameworks */ = {
			isa = PBXFrameworksBuildPhase;
			buildActionMask = 2147483647;
			files = (
			);
			runOnlyForDeploymentPostprocessing = 0;
		};
/* End PBXFrameworksBuildPhase section */

/* Begin PBXGroup section */
		CE78EC6C2A7E72DF00AA82BA = {
			isa = PBXGroup;
			children = (
				CE78EC772A7E72DF00AA82BA /* CRUD Operation */,
				CE78EC762A7E72DF00AA82BA /* Products */,
			);
			sourceTree = "<group>";
		};
		CE78EC762A7E72DF00AA82BA /* Products */ = {
			isa = PBXGroup;
			children = (
				CE78EC752A7E72DF00AA82BA /* CRUD Operation.app */,
			);
			name = Products;
			sourceTree = "<group>";
		};
		CE78EC772A7E72DF00AA82BA /* CRUD Operation */ = {
			isa = PBXGroup;
			children = (
				CE376B1B2A7EA9D7002F8BFA /* CRUD-Operation-Info.plist */,
				CE78EC782A7E72DF00AA82BA /* CRUD_OperationApp.swift */,
				CE78EC7A2A7E72DF00AA82BA /* ContentView.swift */,
				CE376AC92A7E9F61002F8BFA /* DetailView.swift */,
				CE376AC72A7E9706002F8BFA /* NewPostView.swift */,
				CE78EC862A7E733700AA82BA /* Models.swift */,
				CE78EC882A7E73C400AA82BA /* ViewModel.swift */,
				CE78EC7C2A7E72E000AA82BA /* Assets.xcassets */,
				CE78EC7E2A7E72E000AA82BA /* Preview Content */,
			);
			path = "CRUD Operation";
			sourceTree = "<group>";
		};
		CE78EC7E2A7E72E000AA82BA /* Preview Content */ = {
			isa = PBXGroup;
			children = (
				CE78EC7F2A7E72E000AA82BA /* Preview Assets.xcassets */,
			);
			path = "Preview Content";
			sourceTree = "<group>";
		};
/* End PBXGroup section */

/* Begin PBXNativeTarget section */
		CE78EC742A7E72DF00AA82BA /* CRUD Operation */ = {
			isa = PBXNativeTarget;
			buildConfigurationList = CE78EC832A7E72E000AA82BA /* Build configuration list for PBXNativeTarget "CRUD Operation" */;
			buildPhases = (
				CE78EC712A7E72DF00AA82BA /* Sources */,
				CE78EC722A7E72DF00AA82BA /* Frameworks */,
				CE78EC732A7E72DF00AA82BA /* Resources */,
			);
			buildRules = (
			);
			dependencies = (
			);
			name = "CRUD Operation";
			productName = "CRUD Operation";
			productReference = CE78EC752A7E72DF00AA82BA /* CRUD Operation.app */;
			productType = "com.apple.product-type.application";
		};
/* End PBXNativeTarget section */

/* Begin PBXProject section */
		CE78EC6D2A7E72DF00AA82BA /* Project object */ = {
			isa = PBXProject;
			attributes = {
				BuildIndependentTargetsInParallel = 1;
				LastSwiftUpdateCheck = 1430;
				LastUpgradeCheck = 1430;
				TargetAttributes = {
					CE78EC742A7E72DF00AA82BA = {
						CreatedOnToolsVersion = 14.3.1;
					};
				};
			};
			buildConfigurationList = CE78EC702A7E72DF00AA82BA /* Build configuration list for PBXProject "CRUD Operation" */;
			compatibilityVersion = "Xcode 14.0";
			developmentRegion = en;
			hasScannedForEncodings = 0;
			knownRegions = (
				en,
				Base,
			);
			mainGroup = CE78EC6C2A7E72DF00AA82BA;
			productRefGroup = CE78EC762A7E72DF00AA82BA /* Products */;
			projectDirPath = "";
			projectRoot = "";
			targets = (
				CE78EC742A7E72DF00AA82BA /* CRUD Operation */,
			);
		};
/* End PBXProject section */

/* Begin PBXResourcesBuildPhase section */
		CE78EC732A7E72DF00AA82BA /* Resources */ = {
			isa = PBXResourcesBuildPhase;
			buildActionMask = 2147483647;
			files = (
				CE78EC802A7E72E000AA82BA /* Preview Assets.xcassets in Resources */,
				CE78EC7D2A7E72E000AA82BA /* Assets.xcassets in Resources */,
			);
			runOnlyForDeploymentPostprocessing = 0;
		};
/* End PBXResourcesBuildPhase section */

/* Begin PBXSourcesBuildPhase section */
		CE78EC712A7E72DF00AA82BA /* Sources */ = {
			isa = PBXSourcesBuildPhase;
			buildActionMask = 2147483647;
			files = (
				CE78EC872A7E733700AA82BA /* Models.swift in Sources */,
				CE376ACA2A7E9F61002F8BFA /* DetailView.swift in Sources */,
				CE78EC7B2A7E72DF00AA82BA /* ContentView.swift in Sources */,
				CE78EC892A7E73C400AA82BA /* ViewModel.swift in Sources */,
				CE78EC792A7E72DF00AA82BA /* CRUD_OperationApp.swift in Sources */,
				CE376AC82A7E9706002F8BFA /* NewPostView.swift in Sources */,
			);
			runOnlyForDeploymentPostprocessing = 0;
		};
/* End PBXSourcesBuildPhase section */

/* Begin XCBuildConfiguration section */
		CE78EC812A7E72E000AA82BA /* Debug */ = {
			isa = XCBuildConfiguration;
			buildSettings = {
				ALWAYS_SEARCH_USER_PATHS = NO;
				CLANG_ANALYZER_NONNULL = YES;
				CLANG_ANALYZER_NUMBER_OBJECT_CONVERSION = YES_AGGRESSIVE;
				CLANG_CXX_LANGUAGE_STANDARD = "gnu++20";
				CLANG_ENABLE_MODULES = YES;
				CLANG_ENABLE_OBJC_ARC = YES;
				CLANG_ENABLE_OBJC_WEAK = YES;
				CLANG_WARN_BLOCK_CAPTURE_AUTORELEASING = YES;
				CLANG_WARN_BOOL_CONVERSION = YES;
				CLANG_WARN_COMMA = YES;
				CLANG_WARN_CONSTANT_CONVERSION = YES;
				CLANG_WARN_DEPRECATED_OBJC_IMPLEMENTATIONS = YES;
				CLANG_WARN_DIRECT_OBJC_ISA_USAGE = YES_ERROR;
				CLANG_WARN_DOCUMENTATION_COMMENTS = YES;
				CLANG_WARN_EMPTY_BODY = YES;
				CLANG_WARN_ENUM_CONVERSION = YES;
				CLANG_WARN_INFINITE_RECURSION = YES;
				CLANG_WARN_INT_CONVERSION = YES;
				CLANG_WARN_NON_LITERAL_NULL_CONVERSION = YES;
				CLANG_WARN_OBJC_IMPLICIT_RETAIN_SELF = YES;
				CLANG_WARN_OBJC_LITERAL_CONVERSION = YES;
				CLANG_WARN_OBJC_ROOT_CLASS = YES_ERROR;
				CLANG_WARN_QUOTED_INCLUDE_IN_FRAMEWORK_HEADER = YES;
				CLANG_WARN_RANGE_LOOP_ANALYSIS = YES;
				CLANG_WARN_STRICT_PROTOTYPES = YES;
				CLANG_WARN_SUSPICIOUS_MOVE = YES;
				CLANG_WARN_UNGUARDED_AVAILABILITY = YES_AGGRESSIVE;
				CLANG_WARN_UNREACHABLE_CODE = YES;
				CLANG_WARN__DUPLICATE_METHOD_MATCH = YES;
				COPY_PHASE_STRIP = NO;
				DEBUG_INFORMATION_FORMAT = dwarf;
				ENABLE_STRICT_OBJC_MSGSEND = YES;
				ENABLE_TESTABILITY = YES;
				GCC_C_LANGUAGE_STANDARD = gnu11;
				GCC_DYNAMIC_NO_PIC = NO;
				GCC_NO_COMMON_BLOCKS = YES;
				GCC_OPTIMIZATION_LEVEL = 0;
				GCC_PREPROCESSOR_DEFINITIONS = (
					"DEBUG=1",
					"$(inherited)",
				);
				GCC_WARN_64_TO_32_BIT_CONVERSION = YES;
				GCC_WARN_ABOUT_RETURN_TYPE = YES_ERROR;
				GCC_WARN_UNDECLARED_SELECTOR = YES;
				GCC_WARN_UNINITIALIZED_AUTOS = YES_AGGRESSIVE;
				GCC_WARN_UNUSED_FUNCTION = YES;
				GCC_WARN_UNUSED_VARIABLE = YES;
				IPHONEOS_DEPLOYMENT_TARGET = 16.4;
				MTL_ENABLE_DEBUG_INFO = INCLUDE_SOURCE;
				MTL_FAST_MATH = YES;
				ONLY_ACTIVE_ARCH = YES;
				SDKROOT = iphoneos;
				SWIFT_ACTIVE_COMPILATION_CONDITIONS = DEBUG;
				SWIFT_OPTIMIZATION_LEVEL = "-Onone";
			};
			name = Debug;
		};
		CE78EC822A7E72E000AA82BA /* Release */ = {
			isa = XCBuildConfiguration;
			buildSettings = {
				ALWAYS_SEARCH_USER_PATHS = NO;
				CLANG_ANALYZER_NONNULL = YES;
				CLANG_ANALYZER_NUMBER_OBJECT_CONVERSION = YES_AGGRESSIVE;
				CLANG_CXX_LANGUAGE_STANDARD = "gnu++20";
				CLANG_ENABLE_MODULES = YES;
				CLANG_ENABLE_OBJC_ARC = YES;
				CLANG_ENABLE_OBJC_WEAK = YES;
				CLANG_WARN_BLOCK_CAPTURE_AUTORELEASING = YES;
				CLANG_WARN_BOOL_CONVERSION = YES;
				CLANG_WARN_COMMA = YES;
				CLANG_WARN_CONSTANT_CONVERSION = YES;
				CLANG_WARN_DEPRECATED_OBJC_IMPLEMENTATIONS = YES;
				CLANG_WARN_DIRECT_OBJC_ISA_USAGE = YES_ERROR;
				CLANG_WARN_DOCUMENTATION_COMMENTS = YES;
				CLANG_WARN_EMPTY_BODY = YES;
				CLANG_WARN_ENUM_CONVERSION = YES;
				CLANG_WARN_INFINITE_RECURSION = YES;
				CLANG_WARN_INT_CONVERSION = YES;
				CLANG_WARN_NON_LITERAL_NULL_CONVERSION = YES;
				CLANG_WARN_OBJC_IMPLICIT_RETAIN_SELF = YES;
				CLANG_WARN_OBJC_LITERAL_CONVERSION = YES;
				CLANG_WARN_OBJC_ROOT_CLASS = YES_ERROR;
				CLANG_WARN_QUOTED_INCLUDE_IN_FRAMEWORK_HEADER = YES;
				CLANG_WARN_RANGE_LOOP_ANALYSIS = YES;
				CLANG_WARN_STRICT_PROTOTYPES = YES;
				CLANG_WARN_SUSPICIOUS_MOVE = YES;
				CLANG_WARN_UNGUARDED_AVAILABILITY = YES_AGGRESSIVE;
				CLANG_WARN_UNREACHABLE_CODE = YES;
				CLANG_WARN__DUPLICATE_METHOD_MATCH = YES;
				COPY_PHASE_STRIP = NO;
				DEBUG_INFORMATION_FORMAT = "dwarf-with-dsym";
				ENABLE_NS_ASSERTIONS = NO;
				ENABLE_STRICT_OBJC_MSGSEND = YES;
				GCC_C_LANGUAGE_STANDARD = gnu11;
				GCC_NO_COMMON_BLOCKS = YES;
				GCC_WARN_64_TO_32_BIT_CONVERSION = YES;
				GCC_WARN_ABOUT_RETURN_TYPE = YES_ERROR;
				GCC_WARN_UNDECLARED_SELECTOR = YES;
				GCC_WARN_UNINITIALIZED_AUTOS = YES_AGGRESSIVE;
				GCC_WARN_UNUSED_FUNCTION = YES;
				GCC_WARN_UNUSED_VARIABLE = YES;
				IPHONEOS_DEPLOYMENT_TARGET = 16.4;
				MTL_ENABLE_DEBUG_INFO = NO;
				MTL_FAST_MATH = YES;
				SDKROOT = iphoneos;
				SWIFT_COMPILATION_MODE = wholemodule;
				SWIFT_OPTIMIZATION_LEVEL = "-O";
				VALIDATE_PRODUCT = YES;
			};
			name = Release;
		};
		CE78EC842A7E72E000AA82BA /* Debug */ = {
			isa = XCBuildConfiguration;
			buildSettings = {
				ASSETCATALOG_COMPILER_APPICON_NAME = AppIcon;
				ASSETCATALOG_COMPILER_GLOBAL_ACCENT_COLOR_NAME = AccentColor;
				CODE_SIGN_STYLE = Automatic;
				CURRENT_PROJECT_VERSION = 1;
				DEVELOPMENT_ASSET_PATHS = "\"CRUD Operation/Preview Content\"";
				ENABLE_PREVIEWS = YES;
				GENERATE_INFOPLIST_FILE = YES;
				INFOPLIST_FILE = "CRUD-Operation-Info.plist";
				INFOPLIST_KEY_UIApplicationSceneManifest_Generation = YES;
				INFOPLIST_KEY_UIApplicationSupportsIndirectInputEvents = YES;
				INFOPLIST_KEY_UILaunchScreen_Generation = YES;
				INFOPLIST_KEY_UISupportedInterfaceOrientations_iPad = "UIInterfaceOrientationPortrait UIInterfaceOrientationPortraitUpsideDown UIInterfaceOrientationLandscapeLeft UIInterfaceOrientationLandscapeRight";
				INFOPLIST_KEY_UISupportedInterfaceOrientations_iPhone = "UIInterfaceOrientationPortrait UIInterfaceOrientationLandscapeLeft UIInterfaceOrientationLandscapeRight";
				LD_RUNPATH_SEARCH_PATHS = (
					"$(inherited)",
					"@executable_path/Frameworks",
				);
				MARKETING_VERSION = 1.0;
				PRODUCT_BUNDLE_IDENTIFIER = "luthfyra.CRUD-Operation";
				PRODUCT_NAME = "$(TARGET_NAME)";
				SWIFT_EMIT_LOC_STRINGS = YES;
				SWIFT_VERSION = 5.0;
				TARGETED_DEVICE_FAMILY = "1,2";
			};
			name = Debug;
		};
		CE78EC852A7E72E000AA82BA /* Release */ = {
			isa = XCBuildConfiguration;
			buildSettings = {
				ASSETCATALOG_COMPILER_APPICON_NAME = AppIcon;
				ASSETCATALOG_COMPILER_GLOBAL_ACCENT_COLOR_NAME = AccentColor;
				CODE_SIGN_STYLE = Automatic;
				CURRENT_PROJECT_VERSION = 1;
				DEVELOPMENT_ASSET_PATHS = "\"CRUD Operation/Preview Content\"";
				ENABLE_PREVIEWS = YES;
				GENERATE_INFOPLIST_FILE = YES;
				INFOPLIST_FILE = "CRUD-Operation-Info.plist";
				INFOPLIST_KEY_UIApplicationSceneManifest_Generation = YES;
				INFOPLIST_KEY_UIApplicationSupportsIndirectInputEvents = YES;
				INFOPLIST_KEY_UILaunchScreen_Generation = YES;
				INFOPLIST_KEY_UISupportedInterfaceOrientations_iPad = "UIInterfaceOrientationPortrait UIInterfaceOrientationPortraitUpsideDown UIInterfaceOrientationLandscapeLeft UIInterfaceOrientationLandscapeRight";
				INFOPLIST_KEY_UISupportedInterfaceOrientations_iPhone = "UIInterfaceOrientationPortrait UIInterfaceOrientationLandscapeLeft UIInterfaceOrientationLandscapeRight";
				LD_RUNPATH_SEARCH_PATHS = (
					"$(inherited)",
					"@executable_path/Frameworks",
				);
				MARKETING_VERSION = 1.0;
				PRODUCT_BUNDLE_IDENTIFIER = "luthfyra.CRUD-Operation";
				PRODUCT_NAME = "$(TARGET_NAME)";
				SWIFT_EMIT_LOC_STRINGS = YES;
				SWIFT_VERSION = 5.0;
				TARGETED_DEVICE_FAMILY = "1,2";
			};
			name = Release;
		};
/* End XCBuildConfiguration section */

/* Begin XCConfigurationList section */
		CE78EC702A7E72DF00AA82BA /* Build configuration list for PBXProject "CRUD Operation" */ = {
			isa = XCConfigurationList;
			buildConfigurations = (
				CE78EC812A7E72E000AA82BA /* Debug */,
				CE78EC822A7E72E000AA82BA /* Release */,
			);
			defaultConfigurationIsVisible = 0;
			defaultConfigurationName = Release;
		};
		CE78EC832A7E72E000AA82BA /* Build configuration list for PBXNativeTarget "CRUD Operation" */ = {
			isa = XCConfigurationList;
			buildConfigurations = (
				CE78EC842A7E72E000AA82BA /* Debug */,
				CE78EC852A7E72E000AA82BA /* Release */,
			);
			defaultConfigurationIsVisible = 0;
			defaultConfigurationName = Release;
		};
/* End XCConfigurationList section */
	};
	rootObject = CE78EC6D2A7E72DF00AA82BA /* Project object */;
}
